{
  "name": "server",
  "lockfileVersion": 3,
  "requires": true,
  "packages": {
    "": {
      "dependencies": {
        "@stripe/stripe-js": "^4.2.0"
      }
    },
    "node_modules/@stripe/stripe-js": {
      "version": "4.2.0",
      "resolved": "https://registry.npmjs.org/@stripe/stripe-js/-/stripe-js-4.2.0.tgz",
      "integrity": "sha512-MdTpmXqtm+B9rIAmaSlCkF6qv3793UrghA95SFI4Ge7KGYWZAMYyxbX/z9FXs6XnU5gUbKtGtlVgZQp1T88UfQ==",
      "engines": {
        "node": ">=12.16"
      }
    }
  }
}
